// !$*UTF8*$!
{
	archiveVersion = 1;
	classes = {
	};
	objectVersion = 46;
	objects = {

/* Begin PBXBuildFile section */
		3264CFFB1752DB32003DD4BF /* Cocoa.framework in Frameworks */ = {isa = PBXBuildFile; fileRef = 3264CFFA1752DB32003DD4BF /* Cocoa.framework */; };
		3264D0051752DB32003DD4BF /* InfoPlist.strings in Resources */ = {isa = PBXBuildFile; fileRef = 3264D0031752DB32003DD4BF /* InfoPlist.strings */; };
		3264D0071752DB32003DD4BF /* main.m in Sources */ = {isa = PBXBuildFile; fileRef = 3264D0061752DB32003DD4BF /* main.m */; };
		3264D00B1752DB32003DD4BF /* Credits.rtf in Resources */ = {isa = PBXBuildFile; fileRef = 3264D0091752DB32003DD4BF /* Credits.rtf */; };
		3264D00E1752DB32003DD4BF /* MMAppDelegate.m in Sources */ = {isa = PBXBuildFile; fileRef = 3264D00D1752DB32003DD4BF /* MMAppDelegate.m */; };
		3264D0111752DB32003DD4BF /* MainMenu.xib in Resources */ = {isa = PBXBuildFile; fileRef = 3264D00F1752DB32003DD4BF /* MainMenu.xib */; };
		3264D0191752DDDC003DD4BF /* MMModel.m in Sources */ = {isa = PBXBuildFile; fileRef = 3264D0181752DDDC003DD4BF /* MMModel.m */; };
		3264D01C1752F692003DD4BF /* MMMainViewController.m in Sources */ = {isa = PBXBuildFile; fileRef = 3264D01B1752F692003DD4BF /* MMMainViewController.m */; };
		3264D05D17531CD4003DD4BF /* GCDAsyncSocket.m in Sources */ = {isa = PBXBuildFile; fileRef = 3264D05C17531CD4003DD4BF /* GCDAsyncSocket.m */; };
		3264D05F17531ECE003DD4BF /* Security.framework in Frameworks */ = {isa = PBXBuildFile; fileRef = 3264D05E17531ECD003DD4BF /* Security.framework */; };
		3264D07017534E70003DD4BF /* MMCommandProcessor.m in Sources */ = {isa = PBXBuildFile; fileRef = 3264D06F17534E70003DD4BF /* MMCommandProcessor.m */; };
/* End PBXBuildFile section */

/* Begin PBXFileReference section */
		3264CFF71752DB32003DD4BF /* MoteMote Server.app */ = {isa = PBXFileReference; explicitFileType = wrapper.application; includeInIndex = 0; path = "MoteMote Server.app"; sourceTree = BUILT_PRODUCTS_DIR; };
		3264CFFA1752DB32003DD4BF /* Cocoa.framework */ = {isa = PBXFileReference; lastKnownFileType = wrapper.framework; name = Cocoa.framework; path = System/Library/Frameworks/Cocoa.framework; sourceTree = SDKROOT; };
		3264CFFD1752DB32003DD4BF /* AppKit.framework */ = {isa = PBXFileReference; lastKnownFileType = wrapper.framework; name = AppKit.framework; path = System/Library/Frameworks/AppKit.framework; sourceTree = SDKROOT; };
		3264CFFE1752DB32003DD4BF /* CoreData.framework */ = {isa = PBXFileReference; lastKnownFileType = wrapper.framework; name = CoreData.framework; path = System/Library/Frameworks/CoreData.framework; sourceTree = SDKROOT; };
		3264CFFF1752DB32003DD4BF /* Foundation.framework */ = {isa = PBXFileReference; lastKnownFileType = wrapper.framework; name = Foundation.framework; path = System/Library/Frameworks/Foundation.framework; sourceTree = SDKROOT; };
		3264D0021752DB32003DD4BF /* MoteMote Server-Info.plist */ = {isa = PBXFileReference; lastKnownFileType = text.plist.xml; path = "MoteMote Server-Info.plist"; sourceTree = "<group>"; };
		3264D0041752DB32003DD4BF /* en */ = {isa = PBXFileReference; lastKnownFileType = text.plist.strings; name = en; path = en.lproj/InfoPlist.strings; sourceTree = "<group>"; };
		3264D0061752DB32003DD4BF /* main.m */ = {isa = PBXFileReference; lastKnownFileType = sourcecode.c.objc; path = main.m; sourceTree = "<group>"; };
		3264D0081752DB32003DD4BF /* MoteMote Server-Prefix.pch */ = {isa = PBXFileReference; lastKnownFileType = sourcecode.c.h; path = "MoteMote Server-Prefix.pch"; sourceTree = "<group>"; };
		3264D00A1752DB32003DD4BF /* en */ = {isa = PBXFileReference; lastKnownFileType = text.rtf; name = en; path = en.lproj/Credits.rtf; sourceTree = "<group>"; };
		3264D00C1752DB32003DD4BF /* MMAppDelegate.h */ = {isa = PBXFileReference; lastKnownFileType = sourcecode.c.h; path = MMAppDelegate.h; sourceTree = "<group>"; };
		3264D00D1752DB32003DD4BF /* MMAppDelegate.m */ = {isa = PBXFileReference; lastKnownFileType = sourcecode.c.objc; path = MMAppDelegate.m; sourceTree = "<group>"; };
		3264D0101752DB32003DD4BF /* en */ = {isa = PBXFileReference; lastKnownFileType = file.xib; name = en; path = en.lproj/MainMenu.xib; sourceTree = "<group>"; };
		3264D0171752DDDC003DD4BF /* MMModel.h */ = {isa = PBXFileReference; fileEncoding = 4; lastKnownFileType = sourcecode.c.h; path = MMModel.h; sourceTree = "<group>"; };
		3264D0181752DDDC003DD4BF /* MMModel.m */ = {isa = PBXFileReference; fileEncoding = 4; lastKnownFileType = sourcecode.c.objc; path = MMModel.m; sourceTree = "<group>"; };
		3264D01A1752F692003DD4BF /* MMMainViewController.h */ = {isa = PBXFileReference; fileEncoding = 4; lastKnownFileType = sourcecode.c.h; path = MMMainViewController.h; sourceTree = "<group>"; };
		3264D01B1752F692003DD4BF /* MMMainViewController.m */ = {isa = PBXFileReference; fileEncoding = 4; lastKnownFileType = sourcecode.c.objc; path = MMMainViewController.m; sourceTree = "<group>"; };
		3264D05B17531CD4003DD4BF /* GCDAsyncSocket.h */ = {isa = PBXFileReference; fileEncoding = 4; lastKnownFileType = sourcecode.c.h; path = GCDAsyncSocket.h; sourceTree = "<group>"; };
		3264D05C17531CD4003DD4BF /* GCDAsyncSocket.m */ = {isa = PBXFileReference; fileEncoding = 4; lastKnownFileType = sourcecode.c.objc; path = GCDAsyncSocket.m; sourceTree = "<group>"; };
		3264D05E17531ECD003DD4BF /* Security.framework */ = {isa = PBXFileReference; lastKnownFileType = wrapper.framework; name = Security.framework; path = System/Library/Frameworks/Security.framework; sourceTree = SDKROOT; };
		3264D06E17534E70003DD4BF /* MMCommandProcessor.h */ = {isa = PBXFileReference; fileEncoding = 4; lastKnownFileType = sourcecode.c.h; path = MMCommandProcessor.h; sourceTree = "<group>"; };
		3264D06F17534E70003DD4BF /* MMCommandProcessor.m */ = {isa = PBXFileReference; fileEncoding = 4; lastKnownFileType = sourcecode.c.objc; path = MMCommandProcessor.m; sourceTree = "<group>"; };
/* End PBXFileReference section */

/* Begin PBXFrameworksBuildPhase section */
		3264CFF41752DB32003DD4BF /* Frameworks */ = {
			isa = PBXFrameworksBuildPhase;
			buildActionMask = 2147483647;
			files = (
				3264D05F17531ECE003DD4BF /* Security.framework in Frameworks */,
				3264CFFB1752DB32003DD4BF /* Cocoa.framework in Frameworks */,
			);
			runOnlyForDeploymentPostprocessing = 0;
		};
/* End PBXFrameworksBuildPhase section */

/* Begin PBXGroup section */
		3264CFEE1752DB32003DD4BF = {
			isa = PBXGroup;
			children = (
				3264D0001752DB32003DD4BF /* MoteMote Server */,
				3264CFF91752DB32003DD4BF /* Frameworks */,
				3264CFF81752DB32003DD4BF /* Products */,
			);
			sourceTree = "<group>";
		};
		3264CFF81752DB32003DD4BF /* Products */ = {
			isa = PBXGroup;
			children = (
				3264CFF71752DB32003DD4BF /* MoteMote Server.app */,
			);
			name = Products;
			sourceTree = "<group>";
		};
		3264CFF91752DB32003DD4BF /* Frameworks */ = {
			isa = PBXGroup;
			children = (
				3264D05E17531ECD003DD4BF /* Security.framework */,
				3264CFFA1752DB32003DD4BF /* Cocoa.framework */,
				3264CFFC1752DB32003DD4BF /* Other Frameworks */,
			);
			name = Frameworks;
			sourceTree = "<group>";
		};
		3264CFFC1752DB32003DD4BF /* Other Frameworks */ = {
			isa = PBXGroup;
			children = (
				3264CFFD1752DB32003DD4BF /* AppKit.framework */,
				3264CFFE1752DB32003DD4BF /* CoreData.framework */,
				3264CFFF1752DB32003DD4BF /* Foundation.framework */,
			);
			name = "Other Frameworks";
			sourceTree = "<group>";
		};
		3264D0001752DB32003DD4BF /* MoteMote Server */ = {
			isa = PBXGroup;
			children = (
				3264D00F1752DB32003DD4BF /* MainMenu.xib */,
				3264D00C1752DB32003DD4BF /* MMAppDelegate.h */,
				3264D00D1752DB32003DD4BF /* MMAppDelegate.m */,
				3264D0171752DDDC003DD4BF /* MMModel.h */,
				3264D0181752DDDC003DD4BF /* MMModel.m */,
				3264D06E17534E70003DD4BF /* MMCommandProcessor.h */,
				3264D06F17534E70003DD4BF /* MMCommandProcessor.m */,
				3264D0601753202A003DD4BF /* Controllers */,
				3264D0611753203B003DD4BF /* TCP */,
				3264D0011752DB32003DD4BF /* Supporting Files */,
			);
			path = "MoteMote Server";
			sourceTree = "<group>";
		};
		3264D0011752DB32003DD4BF /* Supporting Files */ = {
			isa = PBXGroup;
			children = (
				3264D0021752DB32003DD4BF /* MoteMote Server-Info.plist */,
				3264D0031752DB32003DD4BF /* InfoPlist.strings */,
				3264D0061752DB32003DD4BF /* main.m */,
				3264D0081752DB32003DD4BF /* MoteMote Server-Prefix.pch */,
				3264D0091752DB32003DD4BF /* Credits.rtf */,
			);
			name = "Supporting Files";
			sourceTree = "<group>";
		};
		3264D0601753202A003DD4BF /* Controllers */ = {
			isa = PBXGroup;
			children = (
				3264D01A1752F692003DD4BF /* MMMainViewController.h */,
				3264D01B1752F692003DD4BF /* MMMainViewController.m */,
			);
			name = Controllers;
			sourceTree = "<group>";
		};
		3264D0611753203B003DD4BF /* TCP */ = {
			isa = PBXGroup;
			children = (
				3264D05B17531CD4003DD4BF /* GCDAsyncSocket.h */,
				3264D05C17531CD4003DD4BF /* GCDAsyncSocket.m */,
			);
			name = TCP;
			sourceTree = "<group>";
		};
/* End PBXGroup section */

/* Begin PBXNativeTarget section */
		3264CFF61752DB32003DD4BF /* MoteMote Server */ = {
			isa = PBXNativeTarget;
			buildConfigurationList = 3264D0141752DB32003DD4BF /* Build configuration list for PBXNativeTarget "MoteMote Server" */;
			buildPhases = (
				3264CFF31752DB32003DD4BF /* Sources */,
				3264CFF41752DB32003DD4BF /* Frameworks */,
				3264CFF51752DB32003DD4BF /* Resources */,
			);
			buildRules = (
			);
			dependencies = (
			);
			name = "MoteMote Server";
			productName = "MoteMote Server";
			productReference = 3264CFF71752DB32003DD4BF /* MoteMote Server.app */;
			productType = "com.apple.product-type.application";
		};
/* End PBXNativeTarget section */

/* Begin PBXProject section */
		3264CFEF1752DB32003DD4BF /* Project object */ = {
			isa = PBXProject;
			attributes = {
				CLASSPREFIX = MM;
				LastUpgradeCheck = 0460;
				ORGANIZATIONNAME = "Cameron Ehrlich";
			};
			buildConfigurationList = 3264CFF21752DB32003DD4BF /* Build configuration list for PBXProject "MoteMote Server" */;
			compatibilityVersion = "Xcode 3.2";
			developmentRegion = English;
			hasScannedForEncodings = 0;
			knownRegions = (
				en,
			);
			mainGroup = 3264CFEE1752DB32003DD4BF;
			productRefGroup = 3264CFF81752DB32003DD4BF /* Products */;
			projectDirPath = "";
			projectRoot = "";
			targets = (
				3264CFF61752DB32003DD4BF /* MoteMote Server */,
			);
		};
/* End PBXProject section */

/* Begin PBXResourcesBuildPhase section */
		3264CFF51752DB32003DD4BF /* Resources */ = {
			isa = PBXResourcesBuildPhase;
			buildActionMask = 2147483647;
			files = (
				3264D0051752DB32003DD4BF /* InfoPlist.strings in Resources */,
				3264D00B1752DB32003DD4BF /* Credits.rtf in Resources */,
				3264D0111752DB32003DD4BF /* MainMenu.xib in Resources */,
			);
			runOnlyForDeploymentPostprocessing = 0;
		};
/* End PBXResourcesBuildPhase section */

/* Begin PBXSourcesBuildPhase section */
		3264CFF31752DB32003DD4BF /* Sources */ = {
			isa = PBXSourcesBuildPhase;
			buildActionMask = 2147483647;
			files = (
				3264D0071752DB32003DD4BF /* main.m in Sources */,
				3264D00E1752DB32003DD4BF /* MMAppDelegate.m in Sources */,
				3264D0191752DDDC003DD4BF /* MMModel.m in Sources */,
				3264D01C1752F692003DD4BF /* MMMainViewController.m in Sources */,
				3264D05D17531CD4003DD4BF /* GCDAsyncSocket.m in Sources */,
				3264D07017534E70003DD4BF /* MMCommandProcessor.m in Sources */,
			);
			runOnlyForDeploymentPostprocessing = 0;
		};
/* End PBXSourcesBuildPhase section */

/* Begin PBXVariantGroup section */
		3264D0031752DB32003DD4BF /* InfoPlist.strings */ = {
			isa = PBXVariantGroup;
			children = (
				3264D0041752DB32003DD4BF /* en */,
			);
			name = InfoPlist.strings;
			sourceTree = "<group>";
		};
		3264D0091752DB32003DD4BF /* Credits.rtf */ = {
			isa = PBXVariantGroup;
			children = (
				3264D00A1752DB32003DD4BF /* en */,
			);
			name = Credits.rtf;
			sourceTree = "<group>";
		};
		3264D00F1752DB32003DD4BF /* MainMenu.xib */ = {
			isa = PBXVariantGroup;
			children = (
				3264D0101752DB32003DD4BF /* en */,
			);
			name = MainMenu.xib;
			sourceTree = "<group>";
		};
/* End PBXVariantGroup section */

/* Begin XCBuildConfiguration section */
		3264D0121752DB32003DD4BF /* Debug */ = {
			isa = XCBuildConfiguration;
			buildSettings = {
				ALWAYS_SEARCH_USER_PATHS = NO;
				ARCHS = "$(ARCHS_STANDARD_64_BIT)";
				CLANG_CXX_LANGUAGE_STANDARD = "gnu++0x";
				CLANG_CXX_LIBRARY = "libc++";
				CLANG_ENABLE_OBJC_ARC = YES;
				CLANG_WARN_CONSTANT_CONVERSION = YES;
				CLANG_WARN_EMPTY_BODY = YES;
				CLANG_WARN_ENUM_CONVERSION = YES;
				CLANG_WARN_INT_CONVERSION = YES;
				CLANG_WARN__DUPLICATE_METHOD_MATCH = YES;
				COPY_PHASE_STRIP = NO;
				GCC_C_LANGUAGE_STANDARD = gnu99;
				GCC_DYNAMIC_NO_PIC = NO;
				GCC_ENABLE_OBJC_EXCEPTIONS = YES;
				GCC_OPTIMIZATION_LEVEL = 0;
				GCC_PREPROCESSOR_DEFINITIONS = (
					"DEBUG=1",
					"$(inherited)",
				);
				GCC_SYMBOLS_PRIVATE_EXTERN = NO;
				GCC_WARN_64_TO_32_BIT_CONVERSION = YES;
				GCC_WARN_ABOUT_RETURN_TYPE = YES;
				GCC_WARN_UNINITIALIZED_AUTOS = YES;
				GCC_WARN_UNUSED_VARIABLE = YES;
				MACOSX_DEPLOYMENT_TARGET = 10.8;
				ONLY_ACTIVE_ARCH = YES;
				SDKROOT = macosx;
			};
			name = Debug;
		};
		3264D0131752DB32003DD4BF /* Release */ = {
			isa = XCBuildConfiguration;
			buildSettings = {
				ALWAYS_SEARCH_USER_PATHS = NO;
				ARCHS = "$(ARCHS_STANDARD_64_BIT)";
				CLANG_CXX_LANGUAGE_STANDARD = "gnu++0x";
				CLANG_CXX_LIBRARY = "libc++";
				CLANG_ENABLE_OBJC_ARC = YES;
				CLANG_WARN_CONSTANT_CONVERSION = YES;
				CLANG_WARN_EMPTY_BODY = YES;
				CLANG_WARN_ENUM_CONVERSION = YES;
				CLANG_WARN_INT_CONVERSION = YES;
				CLANG_WARN__DUPLICATE_METHOD_MATCH = YES;
				COPY_PHASE_STRIP = YES;
				DEBUG_INFORMATION_FORMAT = "dwarf-with-dsym";
				GCC_C_LANGUAGE_STANDARD = gnu99;
				GCC_ENABLE_OBJC_EXCEPTIONS = YES;
				GCC_WARN_64_TO_32_BIT_CONVERSION = YES;
				GCC_WARN_ABOUT_RETURN_TYPE = YES;
				GCC_WARN_UNINITIALIZED_AUTOS = YES;
				GCC_WARN_UNUSED_VARIABLE = YES;
				MACOSX_DEPLOYMENT_TARGET = 10.8;
				SDKROOT = macosx;
			};
			name = Release;
		};
		3264D0151752DB32003DD4BF /* Debug */ = {
			isa = XCBuildConfiguration;
			buildSettings = {
				COMBINE_HIDPI_IMAGES = YES;
				GCC_PRECOMPILE_PREFIX_HEADER = YES;
				GCC_PREFIX_HEADER = "MoteMote Server/MoteMote Server-Prefix.pch";
				INFOPLIST_FILE = "MoteMote Server/MoteMote Server-Info.plist";
				PRODUCT_NAME = "$(TARGET_NAME)";
				WRAPPER_EXTENSION = app;
			};
			name = Debug;
		};
		3264D0161752DB32003DD4BF /* Release */ = {
			isa = XCBuildConfiguration;
			buildSettings = {
				COMBINE_HIDPI_IMAGES = YES;
				GCC_PRECOMPILE_PREFIX_HEADER = YES;
				GCC_PREFIX_HEADER = "MoteMote Server/MoteMote Server-Prefix.pch";
				INFOPLIST_FILE = "MoteMote Server/MoteMote Server-Info.plist";
				PRODUCT_NAME = "$(TARGET_NAME)";
				WRAPPER_EXTENSION = app;
			};
			name = Release;
		};
/* End XCBuildConfiguration section */

/* Begin XCConfigurationList section */
		3264CFF21752DB32003DD4BF /* Build configuration list for PBXProject "MoteMote Server" */ = {
			isa = XCConfigurationList;
			buildConfigurations = (
				3264D0121752DB32003DD4BF /* Debug */,
				3264D0131752DB32003DD4BF /* Release */,
			);
			defaultConfigurationIsVisible = 0;
			defaultConfigurationName = Release;
		};
		3264D0141752DB32003DD4BF /* Build configuration list for PBXNativeTarget "MoteMote Server" */ = {
			isa = XCConfigurationList;
			buildConfigurations = (
				3264D0151752DB32003DD4BF /* Debug */,
				3264D0161752DB32003DD4BF /* Release */,
			);
			defaultConfigurationIsVisible = 0;
			defaultConfigurationName = Release;
		};
/* End XCConfigurationList section */
	};
	rootObject = 3264CFEF1752DB32003DD4BF /* Project object */;
}
